
Microsoft Visual Studio Solution File, Format Version 12.00
Project("{FAE04EC0-301F-11D3-BF4B-00C04F79EFBC}") = "Bonus.Web", "Bonus.Web\Bonus.Web.csproj", "{080F8BE3-75A5-4441-9611-868A268F3DF1}"
EndProject
Project("{FAE04EC0-301F-11D3-BF4B-00C04F79EFBC}") = "Bonus.Data", "Bonus.Data\Bonus.Data.csproj", "{A38D8FCA-A2D4-4D17-B582-02AFED68934D}"
EndProject
Global
	GlobalSection(SolutionConfigurationPlatforms) = preSolution
		Debug|Any CPU = Debug|Any CPU
		Release|Any CPU = Release|Any CPU
	EndGlobalSection
	GlobalSection(ProjectConfigurationPlatforms) = postSolution
		{080F8BE3-75A5-4441-9611-868A268F3DF1}.Debug|Any CPU.ActiveCfg = Debug|Any CPU
		{080F8BE3-75A5-4441-9611-868A268F3DF1}.Debug|Any CPU.Build.0 = Debug|Any CPU
		{080F8BE3-75A5-4441-9611-868A268F3DF1}.Release|Any CPU.ActiveCfg = Release|Any CPU
		{080F8BE3-75A5-4441-9611-868A268F3DF1}.Release|Any CPU.Build.0 = Release|Any CPU
		{A38D8FCA-A2D4-4D17-B582-02AFED68934D}.Debug|Any CPU.ActiveCfg = Debug|Any CPU
		{A38D8FCA-A2D4-4D17-B582-02AFED68934D}.Debug|Any CPU.Build.0 = Debug|Any CPU
		{A38D8FCA-A2D4-4D17-B582-02AFED68934D}.Release|Any CPU.ActiveCfg = Release|Any CPU
		{A38D8FCA-A2D4-4D17-B582-02AFED68934D}.Release|Any CPU.Build.0 = Release|Any CPU
	EndGlobalSection
EndGlobal
